
Microsoft Visual Studio Solution File, Format Version 12.00
# Visual Studio Version 16
VisualStudioVersion = 16.0.29025.244
MinimumVisualStudioVersion = 10.0.40219.1
Project("{9092AA53-FB77-4645-B42D-1CCCA6BD08BD}") = "core modules practice", "core modules practice.njsproj", "{03885489-A8B9-416F-B3C7-FDA4FD7EB02D}"
EndProject
Global
	GlobalSection(SolutionConfigurationPlatforms) = preSolution
		Debug|Any CPU = Debug|Any CPU
		Release|Any CPU = Release|Any CPU
	EndGlobalSection
	GlobalSection(ProjectConfigurationPlatforms) = postSolution
		{03885489-A8B9-416F-B3C7-FDA4FD7EB02D}.Debug|Any CPU.ActiveCfg = Debug|Any CPU
		{03885489-A8B9-416F-B3C7-FDA4FD7EB02D}.Debug|Any CPU.Build.0 = Debug|Any CPU
		{03885489-A8B9-416F-B3C7-FDA4FD7EB02D}.Release|Any CPU.ActiveCfg = Release|Any CPU
		{03885489-A8B9-416F-B3C7-FDA4FD7EB02D}.Release|Any CPU.Build.0 = Release|Any CPU
	EndGlobalSection
	GlobalSection(SolutionProperties) = preSolution
		HideSolutionNode = FALSE
	EndGlobalSection
	GlobalSection(ExtensibilityGlobals) = postSolution
		SolutionGuid = {C4E4EDA9-A9C0-46BD-B5AD-E19F0110079A}
	EndGlobalSection
EndGlobal
